
Microsoft Visual Studio Solution File, Format Version 12.00
# Visual Studio Version 17
VisualStudioVersion = 17.11.35303.130
MinimumVisualStudioVersion = 10.0.40219.1
Project("{FAE04EC0-301F-11D3-BF4B-00C04F79EFBC}") = "9Getallen", "9Getallen\9Getallen.csproj", "{561C0EB2-0F80-406B-8A17-2DA0681521F1}"
EndProject
Global
	GlobalSection(SolutionConfigurationPlatforms) = preSolution
		Debug|Any CPU = Debug|Any CPU
		Release|Any CPU = Release|Any CPU
	EndGlobalSection
	GlobalSection(ProjectConfigurationPlatforms) = postSolution
		{561C0EB2-0F80-406B-8A17-2DA0681521F1}.Debug|Any CPU.ActiveCfg = Debug|Any CPU
		{561C0EB2-0F80-406B-8A17-2DA0681521F1}.Debug|Any CPU.Build.0 = Debug|Any CPU
		{561C0EB2-0F80-406B-8A17-2DA0681521F1}.Release|Any CPU.ActiveCfg = Release|Any CPU
		{561C0EB2-0F80-406B-8A17-2DA0681521F1}.Release|Any CPU.Build.0 = Release|Any CPU
	EndGlobalSection
	GlobalSection(SolutionProperties) = preSolution
		HideSolutionNode = FALSE
	EndGlobalSection
	GlobalSection(ExtensibilityGlobals) = postSolution
		SolutionGuid = {DEFFE864-CF84-4840-BCA3-53B01E0507E3}
	EndGlobalSection
EndGlobal
